
Microsoft Visual Studio Solution File, Format Version 12.00
# Visual Studio Version 16
VisualStudioVersion = 16.0.31424.327
MinimumVisualStudioVersion = 10.0.40219.1
Project("{FAE04EC0-301F-11D3-BF4B-00C04F79EFBC}") = "Template", "Template\Template.csproj", "{18BA3B0C-CA17-49FA-AF8D-4DD0FAEF60EC}"
EndProject
Project("{2150E333-8FDC-42A3-9474-1A3956D46DE8}") = "Solution Items", "Solution Items", "{76F1EC60-DA64-4F64-A6BA-2B8FA77EFE18}"
	ProjectSection(SolutionItems) = preProject
		.editorconfig = .editorconfig
	EndProjectSection
EndProject
Global
	GlobalSection(SolutionConfigurationPlatforms) = preSolution
		Debug|Any CPU = Debug|Any CPU
		Release|Any CPU = Release|Any CPU
	EndGlobalSection
	GlobalSection(ProjectConfigurationPlatforms) = postSolution
		{18BA3B0C-CA17-49FA-AF8D-4DD0FAEF60EC}.Debug|Any CPU.ActiveCfg = Debug|Any CPU
		{18BA3B0C-CA17-49FA-AF8D-4DD0FAEF60EC}.Debug|Any CPU.Build.0 = Debug|Any CPU
		{18BA3B0C-CA17-49FA-AF8D-4DD0FAEF60EC}.Release|Any CPU.ActiveCfg = Release|Any CPU
		{18BA3B0C-CA17-49FA-AF8D-4DD0FAEF60EC}.Release|Any CPU.Build.0 = Release|Any CPU
	EndGlobalSection
	GlobalSection(SolutionProperties) = preSolution
		HideSolutionNode = FALSE
	EndGlobalSection
	GlobalSection(ExtensibilityGlobals) = postSolution
		SolutionGuid = {DCC0AFE9-1BDB-4990-9140-850DBA2AD882}
	EndGlobalSection
EndGlobal
